hash: 6fbdab944db7ffc228cae87cbfd1945a9489d017c921d5ce9153b479ce23869e
updated: 2018-12-03T23:01:32.902726Z
imports:
- name: github.com/gorilla/context
  version: 51ce91d2eaddeca0ef29a71d766bb3634dadf729
- name: github.com/gorilla/mux
  version: 07ba1fd60e210dc5cc6f86ec25dc9ecc7c95c295
- name: github.com/magiconair/properties
  version: 2c9e9502788518c97fe44e8955cd069417ee89df
testImports: []
